// !$*UTF8*$!
{
	archiveVersion = 1;
	classes = {
	};
	objectVersion = 46;
	objects = {

/* Begin PBXBuildFile section */
		841EC8771ECE9025005AA3BA /* main.m in Sources */ = {isa = PBXBuildFile; fileRef = 841EC8761ECE9025005AA3BA /* main.m */; };
		841EC87A1ECE9025005AA3BA /* AppDelegate.m in Sources */ = {isa = PBXBuildFile; fileRef = 841EC8791ECE9025005AA3BA /* AppDelegate.m */; };
		841EC87D1ECE9025005AA3BA /* ViewController.m in Sources */ = {isa = PBXBuildFile; fileRef = 841EC87C1ECE9025005AA3BA /* ViewController.m */; };
		841EC8801ECE9025005AA3BA /* Main.storyboard in Resources */ = {isa = PBXBuildFile; fileRef = 841EC87E1ECE9025005AA3BA /* Main.storyboard */; };
		841EC8821ECE9025005AA3BA /* Assets.xcassets in Resources */ = {isa = PBXBuildFile; fileRef = 841EC8811ECE9025005AA3BA /* Assets.xcassets */; };
		841EC8851ECE9025005AA3BA /* LaunchScreen.storyboard in Resources */ = {isa = PBXBuildFile; fileRef = 841EC8831ECE9025005AA3BA /* LaunchScreen.storyboard */; };
		841EC8981ECEC41B005AA3BA /* SwipeView.m in Sources */ = {isa = PBXBuildFile; fileRef = 841EC8961ECEC41B005AA3BA /* SwipeView.m */; };
		841EC8B11ECEC460005AA3BA /* MASCompositeConstraint.m in Sources */ = {isa = PBXBuildFile; fileRef = 841EC89B1ECEC460005AA3BA /* MASCompositeConstraint.m */; };
		841EC8B21ECEC460005AA3BA /* MASConstraint.m in Sources */ = {isa = PBXBuildFile; fileRef = 841EC89E1ECEC460005AA3BA /* MASConstraint.m */; };
		841EC8B31ECEC460005AA3BA /* MASConstraintMaker.m in Sources */ = {isa = PBXBuildFile; fileRef = 841EC8A01ECEC460005AA3BA /* MASConstraintMaker.m */; };
		841EC8B41ECEC460005AA3BA /* MASLayoutConstraint.m in Sources */ = {isa = PBXBuildFile; fileRef = 841EC8A21ECEC460005AA3BA /* MASLayoutConstraint.m */; };
		841EC8B51ECEC460005AA3BA /* MASViewAttribute.m in Sources */ = {isa = PBXBuildFile; fileRef = 841EC8A61ECEC460005AA3BA /* MASViewAttribute.m */; };
		841EC8B61ECEC460005AA3BA /* MASViewConstraint.m in Sources */ = {isa = PBXBuildFile; fileRef = 841EC8A81ECEC460005AA3BA /* MASViewConstraint.m */; };
		841EC8B71ECEC460005AA3BA /* NSArray+MASAdditions.m in Sources */ = {isa = PBXBuildFile; fileRef = 841EC8AA1ECEC460005AA3BA /* NSArray+MASAdditions.m */; };
		841EC8B81ECEC460005AA3BA /* NSLayoutConstraint+MASDebugAdditions.m in Sources */ = {isa = PBXBuildFile; fileRef = 841EC8AD1ECEC460005AA3BA /* NSLayoutConstraint+MASDebugAdditions.m */; };
		841EC8B91ECEC460005AA3BA /* View+MASAdditions.m in Sources */ = {isa = PBXBuildFile; fileRef = 841EC8AF1ECEC460005AA3BA /* View+MASAdditions.m */; };
		841EC8BD1ECEC5F6005AA3BA /* ViewControl.m in Sources */ = {isa = PBXBuildFile; fileRef = 841EC8BC1ECEC5F6005AA3BA /* ViewControl.m */; };
		841EC8C01ECED830005AA3BA /* FMSegmentControl.m in Sources */ = {isa = PBXBuildFile; fileRef = 841EC8BF1ECED830005AA3BA /* FMSegmentControl.m */; };
		8425AA7B1EF8C01B00732B18 /* FMCascadeView.m in Sources */ = {isa = PBXBuildFile; fileRef = 8425AA7A1EF8C01B00732B18 /* FMCascadeView.m */; };
/* End PBXBuildFile section */

/* Begin PBXFileReference section */
		841EC8721ECE9024005AA3BA /* FMSegmentControl.app */ = {isa = PBXFileReference; explicitFileType = wrapper.application; includeInIndex = 0; path = FMSegmentControl.app; sourceTree = BUILT_PRODUCTS_DIR; };
		841EC8761ECE9025005AA3BA /* main.m */ = {isa = PBXFileReference; lastKnownFileType = sourcecode.c.objc; path = main.m; sourceTree = "<group>"; };
		841EC8781ECE9025005AA3BA /* AppDelegate.h */ = {isa = PBXFileReference; lastKnownFileType = sourcecode.c.h; path = AppDelegate.h; sourceTree = "<group>"; };
		841EC8791ECE9025005AA3BA /* AppDelegate.m */ = {isa = PBXFileReference; lastKnownFileType = sourcecode.c.objc; path = AppDelegate.m; sourceTree = "<group>"; };
		841EC87B1ECE9025005AA3BA /* ViewController.h */ = {isa = PBXFileReference; lastKnownFileType = sourcecode.c.h; path = ViewController.h; sourceTree = "<group>"; };
		841EC87C1ECE9025005AA3BA /* ViewController.m */ = {isa = PBXFileReference; lastKnownFileType = sourcecode.c.objc; path = ViewController.m; sourceTree = "<group>"; };
		841EC87F1ECE9025005AA3BA /* Base */ = {isa = PBXFileReference; lastKnownFileType = file.storyboard; name = Base; path = Base.lproj/Main.storyboard; sourceTree = "<group>"; };
		841EC8811ECE9025005AA3BA /* Assets.xcassets */ = {isa = PBXFileReference; lastKnownFileType = folder.assetcatalog; path = Assets.xcassets; sourceTree = "<group>"; };
		841EC8841ECE9025005AA3BA /* Base */ = {isa = PBXFileReference; lastKnownFileType = file.storyboard; name = Base; path = Base.lproj/LaunchScreen.storyboard; sourceTree = "<group>"; };
		841EC8861ECE9025005AA3BA /* Info.plist */ = {isa = PBXFileReference; lastKnownFileType = text.plist.xml; path = Info.plist; sourceTree = "<group>"; };
		841EC8951ECEC41B005AA3BA /* SwipeView.h */ = {isa = PBXFileReference; fileEncoding = 4; lastKnownFileType = sourcecode.c.h; path = SwipeView.h; sourceTree = "<group>"; };
		841EC8961ECEC41B005AA3BA /* SwipeView.m */ = {isa = PBXFileReference; fileEncoding = 4; lastKnownFileType = sourcecode.c.objc; path = SwipeView.m; sourceTree = "<group>"; };
		841EC89A1ECEC460005AA3BA /* MASCompositeConstraint.h */ = {isa = PBXFileReference; fileEncoding = 4; lastKnownFileType = sourcecode.c.h; path = MASCompositeConstraint.h; sourceTree = "<group>"; };
		841EC89B1ECEC460005AA3BA /* MASCompositeConstraint.m */ = {isa = PBXFileReference; fileEncoding = 4; lastKnownFileType = sourcecode.c.objc; path = MASCompositeConstraint.m; sourceTree = "<group>"; };
		841EC89C1ECEC460005AA3BA /* MASConstraint+Private.h */ = {isa = PBXFileReference; fileEncoding = 4; lastKnownFileType = sourcecode.c.h; path = "MASConstraint+Private.h"; sourceTree = "<group>"; };
		841EC89D1ECEC460005AA3BA /* MASConstraint.h */ = {isa = PBXFileReference; fileEncoding = 4; lastKnownFileType = sourcecode.c.h; path = MASConstraint.h; sourceTree = "<group>"; };
		841EC89E1ECEC460005AA3BA /* MASConstraint.m */ = {isa = PBXFileReference; fileEncoding = 4; lastKnownFileType = sourcecode.c.objc; path = MASConstraint.m; sourceTree = "<group>"; };
		841EC89F1ECEC460005AA3BA /* MASConstraintMaker.h */ = {isa = PBXFileReference; fileEncoding = 4; lastKnownFileType = sourcecode.c.h; path = MASConstraintMaker.h; sourceTree = "<group>"; };
		841EC8A01ECEC460005AA3BA /* MASConstraintMaker.m */ = {isa = PBXFileReference; fileEncoding = 4; lastKnownFileType = sourcecode.c.objc; path = MASConstraintMaker.m; sourceTree = "<group>"; };
		841EC8A11ECEC460005AA3BA /* MASLayoutConstraint.h */ = {isa = PBXFileReference; fileEncoding = 4; lastKnownFileType = sourcecode.c.h; path = MASLayoutConstraint.h; sourceTree = "<group>"; };
		841EC8A21ECEC460005AA3BA /* MASLayoutConstraint.m */ = {isa = PBXFileReference; fileEncoding = 4; lastKnownFileType = sourcecode.c.objc; path = MASLayoutConstraint.m; sourceTree = "<group>"; };
		841EC8A31ECEC460005AA3BA /* Masonry.h */ = {isa = PBXFileReference; fileEncoding = 4; lastKnownFileType = sourcecode.c.h; path = Masonry.h; sourceTree = "<group>"; };
		841EC8A41ECEC460005AA3BA /* MASUtilities.h */ = {isa = PBXFileReference; fileEncoding = 4; lastKnownFileType = sourcecode.c.h; path = MASUtilities.h; sourceTree = "<group>"; };
		841EC8A51ECEC460005AA3BA /* MASViewAttribute.h */ = {isa = PBXFileReference; fileEncoding = 4; lastKnownFileType = sourcecode.c.h; path = MASViewAttribute.h; sourceTree = "<group>"; };
		841EC8A61ECEC460005AA3BA /* MASViewAttribute.m */ = {isa = PBXFileReference; fileEncoding = 4; lastKnownFileType = sourcecode.c.objc; path = MASViewAttribute.m; sourceTree = "<group>"; };
		841EC8A71ECEC460005AA3BA /* MASViewConstraint.h */ = {isa = PBXFileReference; fileEncoding = 4; lastKnownFileType = sourcecode.c.h; path = MASViewConstraint.h; sourceTree = "<group>"; };
		841EC8A81ECEC460005AA3BA /* MASViewConstraint.m */ = {isa = PBXFileReference; fileEncoding = 4; lastKnownFileType = sourcecode.c.objc; path = MASViewConstraint.m; sourceTree = "<group>"; };
		841EC8A91ECEC460005AA3BA /* NSArray+MASAdditions.h */ = {isa = PBXFileReference; fileEncoding = 4; lastKnownFileType = sourcecode.c.h; path = "NSArray+MASAdditions.h"; sourceTree = "<group>"; };
		841EC8AA1ECEC460005AA3BA /* NSArray+MASAdditions.m */ = {isa = PBXFileReference; fileEncoding = 4; lastKnownFileType = sourcecode.c.objc; path = "NSArray+MASAdditions.m"; sourceTree = "<group>"; };
		841EC8AB1ECEC460005AA3BA /* NSArray+MASShorthandAdditions.h */ = {isa = PBXFileReference; fileEncoding = 4; lastKnownFileType = sourcecode.c.h; path = "NSArray+MASShorthandAdditions.h"; sourceTree = "<group>"; };
		841EC8AC1ECEC460005AA3BA /* NSLayoutConstraint+MASDebugAdditions.h */ = {isa = PBXFileReference; fileEncoding = 4; lastKnownFileType = sourcecode.c.h; path = "NSLayoutConstraint+MASDebugAdditions.h"; sourceTree = "<group>"; };
		841EC8AD1ECEC460005AA3BA /* NSLayoutConstraint+MASDebugAdditions.m */ = {isa = PBXFileReference; fileEncoding = 4; lastKnownFileType = sourcecode.c.objc; path = "NSLayoutConstraint+MASDebugAdditions.m"; sourceTree = "<group>"; };
		841EC8AE1ECEC460005AA3BA /* View+MASAdditions.h */ = {isa = PBXFileReference; fileEncoding = 4; lastKnownFileType = sourcecode.c.h; path = "View+MASAdditions.h"; sourceTree = "<group>"; };
		841EC8AF1ECEC460005AA3BA /* View+MASAdditions.m */ = {isa = PBXFileReference; fileEncoding = 4; lastKnownFileType = sourcecode.c.objc; path = "View+MASAdditions.m"; sourceTree = "<group>"; };
		841EC8B01ECEC460005AA3BA /* View+MASShorthandAdditions.h */ = {isa = PBXFileReference; fileEncoding = 4; lastKnownFileType = sourcecode.c.h; path = "View+MASShorthandAdditions.h"; sourceTree = "<group>"; };
		841EC8BA1ECEC474005AA3BA /* PrefixHeader.pch */ = {isa = PBXFileReference; lastKnownFileType = sourcecode.c.h; path = PrefixHeader.pch; sourceTree = "<group>"; };
		841EC8BB1ECEC5F6005AA3BA /* ViewControl.h */ = {isa = PBXFileReference; fileEncoding = 4; lastKnownFileType = sourcecode.c.h; path = ViewControl.h; sourceTree = "<group>"; };
		841EC8BC1ECEC5F6005AA3BA /* ViewControl.m */ = {isa = PBXFileReference; fileEncoding = 4; lastKnownFileType = sourcecode.c.objc; path = ViewControl.m; sourceTree = "<group>"; };
		841EC8BE1ECED830005AA3BA /* FMSegmentControl.h */ = {isa = PBXFileReference; fileEncoding = 4; lastKnownFileType = sourcecode.c.h; path = FMSegmentControl.h; sourceTree = "<group>"; };
		841EC8BF1ECED830005AA3BA /* FMSegmentControl.m */ = {isa = PBXFileReference; fileEncoding = 4; lastKnownFileType = sourcecode.c.objc; path = FMSegmentControl.m; sourceTree = "<group>"; };
		8425AA791EF8C01B00732B18 /* FMCascadeView.h */ = {isa = PBXFileReference; fileEncoding = 4; lastKnownFileType = sourcecode.c.h; path = FMCascadeView.h; sourceTree = "<group>"; };
		8425AA7A1EF8C01B00732B18 /* FMCascadeView.m */ = {isa = PBXFileReference; fileEncoding = 4; lastKnownFileType = sourcecode.c.objc; path = FMCascadeView.m; sourceTree = "<group>"; };
/* End PBXFileReference section */

/* Begin PBXFrameworksBuildPhase section */
		841EC86F1ECE9024005AA3BA /* Frameworks */ = {
			isa = PBXFrameworksBuildPhase;
			buildActionMask = 2147483647;
			files = (
			);
			runOnlyForDeploymentPostprocessing = 0;
		};
/* End PBXFrameworksBuildPhase section */

/* Begin PBXGroup section */
		841EC8691ECE9024005AA3BA = {
			isa = PBXGroup;
			children = (
				841EC8BA1ECEC474005AA3BA /* PrefixHeader.pch */,
				841EC8901ECEC41B005AA3BA /* Des */,
				841EC8741ECE9024005AA3BA /* FMSegmentControl */,
				841EC8731ECE9024005AA3BA /* Products */,
			);
			sourceTree = "<group>";
		};
		841EC8731ECE9024005AA3BA /* Products */ = {
			isa = PBXGroup;
			children = (
				841EC8721ECE9024005AA3BA /* FMSegmentControl.app */,
			);
			name = Products;
			sourceTree = "<group>";
		};
		841EC8741ECE9024005AA3BA /* FMSegmentControl */ = {
			isa = PBXGroup;
			children = (
				841EC8781ECE9025005AA3BA /* AppDelegate.h */,
				841EC8791ECE9025005AA3BA /* AppDelegate.m */,
				841EC87B1ECE9025005AA3BA /* ViewController.h */,
				841EC87C1ECE9025005AA3BA /* ViewController.m */,
				841EC8BB1ECEC5F6005AA3BA /* ViewControl.h */,
				841EC8BC1ECEC5F6005AA3BA /* ViewControl.m */,
				841EC87E1ECE9025005AA3BA /* Main.storyboard */,
				841EC8811ECE9025005AA3BA /* Assets.xcassets */,
				841EC8831ECE9025005AA3BA /* LaunchScreen.storyboard */,
				841EC8861ECE9025005AA3BA /* Info.plist */,
				841EC8751ECE9024005AA3BA /* Supporting Files */,
			);
			path = FMSegmentControl;
			sourceTree = "<group>";
		};
		841EC8751ECE9024005AA3BA /* Supporting Files */ = {
			isa = PBXGroup;
			children = (
				841EC8761ECE9025005AA3BA /* main.m */,
			);
			name = "Supporting Files";
			sourceTree = "<group>";
		};
		841EC8901ECEC41B005AA3BA /* Des */ = {
			isa = PBXGroup;
			children = (
				8425AA781EF8C01B00732B18 /* FMCascadeView */,
				841EC8991ECEC460005AA3BA /* Masonry */,
				841EC8911ECEC41B005AA3BA /* SegmentControl */,
				841EC8941ECEC41B005AA3BA /* SwipeView */,
			);
			path = Des;
			sourceTree = "<group>";
		};
		841EC8911ECEC41B005AA3BA /* SegmentControl */ = {
			isa = PBXGroup;
			children = (
				841EC8BE1ECED830005AA3BA /* FMSegmentControl.h */,
				841EC8BF1ECED830005AA3BA /* FMSegmentControl.m */,
			);
			path = SegmentControl;
			sourceTree = "<group>";
		};
		841EC8941ECEC41B005AA3BA /* SwipeView */ = {
			isa = PBXGroup;
			children = (
				841EC8951ECEC41B005AA3BA /* SwipeView.h */,
				841EC8961ECEC41B005AA3BA /* SwipeView.m */,
			);
			path = SwipeView;
			sourceTree = "<group>";
		};
		841EC8991ECEC460005AA3BA /* Masonry */ = {
			isa = PBXGroup;
			children = (
				841EC89A1ECEC460005AA3BA /* MASCompositeConstraint.h */,
				841EC89B1ECEC460005AA3BA /* MASCompositeConstraint.m */,
				841EC89C1ECEC460005AA3BA /* MASConstraint+Private.h */,
				841EC89D1ECEC460005AA3BA /* MASConstraint.h */,
				841EC89E1ECEC460005AA3BA /* MASConstraint.m */,
				841EC89F1ECEC460005AA3BA /* MASConstraintMaker.h */,
				841EC8A01ECEC460005AA3BA /* MASConstraintMaker.m */,
				841EC8A11ECEC460005AA3BA /* MASLayoutConstraint.h */,
				841EC8A21ECEC460005AA3BA /* MASLayoutConstraint.m */,
				841EC8A31ECEC460005AA3BA /* Masonry.h */,
				841EC8A41ECEC460005AA3BA /* MASUtilities.h */,
				841EC8A51ECEC460005AA3BA /* MASViewAttribute.h */,
				841EC8A61ECEC460005AA3BA /* MASViewAttribute.m */,
				841EC8A71ECEC460005AA3BA /* MASViewConstraint.h */,
				841EC8A81ECEC460005AA3BA /* MASViewConstraint.m */,
				841EC8A91ECEC460005AA3BA /* NSArray+MASAdditions.h */,
				841EC8AA1ECEC460005AA3BA /* NSArray+MASAdditions.m */,
				841EC8AB1ECEC460005AA3BA /* NSArray+MASShorthandAdditions.h */,
				841EC8AC1ECEC460005AA3BA /* NSLayoutConstraint+MASDebugAdditions.h */,
				841EC8AD1ECEC460005AA3BA /* NSLayoutConstraint+MASDebugAdditions.m */,
				841EC8AE1ECEC460005AA3BA /* View+MASAdditions.h */,
				841EC8AF1ECEC460005AA3BA /* View+MASAdditions.m */,
				841EC8B01ECEC460005AA3BA /* View+MASShorthandAdditions.h */,
			);
			path = Masonry;
			sourceTree = "<group>";
		};
		8425AA781EF8C01B00732B18 /* FMCascadeView */ = {
			isa = PBXGroup;
			children = (
				8425AA791EF8C01B00732B18 /* FMCascadeView.h */,
				8425AA7A1EF8C01B00732B18 /* FMCascadeView.m */,
			);
			path = FMCascadeView;
			sourceTree = "<group>";
		};
/* End PBXGroup section */

/* Begin PBXNativeTarget section */
		841EC8711ECE9024005AA3BA /* FMSegmentControl */ = {
			isa = PBXNativeTarget;
			buildConfigurationList = 841EC8891ECE9025005AA3BA /* Build configuration list for PBXNativeTarget "FMSegmentControl" */;
			buildPhases = (
				841EC86E1ECE9024005AA3BA /* Sources */,
				841EC86F1ECE9024005AA3BA /* Frameworks */,
				841EC8701ECE9024005AA3BA /* Resources */,
			);
			buildRules = (
			);
			dependencies = (
			);
			name = FMSegmentControl;
			productName = FMSegmentControl;
			productReference = 841EC8721ECE9024005AA3BA /* FMSegmentControl.app */;
			productType = "com.apple.product-type.application";
		};
/* End PBXNativeTarget section */

/* Begin PBXProject section */
		841EC86A1ECE9024005AA3BA /* Project object */ = {
			isa = PBXProject;
			attributes = {
				LastUpgradeCheck = 0810;
				ORGANIZATIONNAME = wangjiuyin;
				TargetAttributes = {
					841EC8711ECE9024005AA3BA = {
						CreatedOnToolsVersion = 8.1;
						DevelopmentTeam = 538CZ4N2AQ;
						ProvisioningStyle = Automatic;
					};
				};
			};
			buildConfigurationList = 841EC86D1ECE9024005AA3BA /* Build configuration list for PBXProject "FMSegmentControl" */;
			compatibilityVersion = "Xcode 3.2";
			developmentRegion = English;
			hasScannedForEncodings = 0;
			knownRegions = (
				en,
				Base,
			);
			mainGroup = 841EC8691ECE9024005AA3BA;
			productRefGroup = 841EC8731ECE9024005AA3BA /* Products */;
			projectDirPath = "";
			projectRoot = "";
			targets = (
				841EC8711ECE9024005AA3BA /* FMSegmentControl */,
			);
		};
/* End PBXProject section */

/* Begin PBXResourcesBuildPhase section */
		841EC8701ECE9024005AA3BA /* Resources */ = {
			isa = PBXResourcesBuildPhase;
			buildActionMask = 2147483647;
			files = (
				841EC8851ECE9025005AA3BA /* LaunchScreen.storyboard in Resources */,
				841EC8821ECE9025005AA3BA /* Assets.xcassets in Resources */,
				841EC8801ECE9025005AA3BA /* Main.storyboard in Resources */,
			);
			runOnlyForDeploymentPostprocessing = 0;
		};
/* End PBXResourcesBuildPhase section */

/* Begin PBXSourcesBuildPhase section */
		841EC86E1ECE9024005AA3BA /* Sources */ = {
			isa = PBXSourcesBuildPhase;
			buildActionMask = 2147483647;
			files = (
				841EC8B81ECEC460005AA3BA /* NSLayoutConstraint+MASDebugAdditions.m in Sources */,
				841EC87D1ECE9025005AA3BA /* ViewController.m in Sources */,
				841EC8B61ECEC460005AA3BA /* MASViewConstraint.m in Sources */,
				841EC87A1ECE9025005AA3BA /* AppDelegate.m in Sources */,
				841EC8C01ECED830005AA3BA /* FMSegmentControl.m in Sources */,
				841EC8771ECE9025005AA3BA /* main.m in Sources */,
				841EC8B91ECEC460005AA3BA /* View+MASAdditions.m in Sources */,
				841EC8B11ECEC460005AA3BA /* MASCompositeConstraint.m in Sources */,
				841EC8B51ECEC460005AA3BA /* MASViewAttribute.m in Sources */,
				841EC8B31ECEC460005AA3BA /* MASConstraintMaker.m in Sources */,
				841EC8B71ECEC460005AA3BA /* NSArray+MASAdditions.m in Sources */,
				841EC8B21ECEC460005AA3BA /* MASConstraint.m in Sources */,
				8425AA7B1EF8C01B00732B18 /* FMCascadeView.m in Sources */,
				841EC8BD1ECEC5F6005AA3BA /* ViewControl.m in Sources */,
				841EC8B41ECEC460005AA3BA /* MASLayoutConstraint.m in Sources */,
				841EC8981ECEC41B005AA3BA /* SwipeView.m in Sources */,
			);
			runOnlyForDeploymentPostprocessing = 0;
		};
/* End PBXSourcesBuildPhase section */

/* Begin PBXVariantGroup section */
		841EC87E1ECE9025005AA3BA /* Main.storyboard */ = {
			isa = PBXVariantGroup;
			children = (
				841EC87F1ECE9025005AA3BA /* Base */,
			);
			name = Main.storyboard;
			sourceTree = "<group>";
		};
		841EC8831ECE9025005AA3BA /* LaunchScreen.storyboard */ = {
			isa = PBXVariantGroup;
			children = (
				841EC8841ECE9025005AA3BA /* Base */,
			);
			name = LaunchScreen.storyboard;
			sourceTree = "<group>";
		};
/* End PBXVariantGroup section */

/* Begin XCBuildConfiguration section */
		841EC8871ECE9025005AA3BA /* Debug */ = {
			isa = XCBuildConfiguration;
			buildSettings = {
				ALWAYS_SEARCH_USER_PATHS = NO;
				CLANG_ANALYZER_NONNULL = YES;
				CLANG_CXX_LANGUAGE_STANDARD = "gnu++0x";
				CLANG_CXX_LIBRARY = "libc++";
				CLANG_ENABLE_MODULES = YES;
				CLANG_ENABLE_OBJC_ARC = YES;
				CLANG_WARN_BOOL_CONVERSION = YES;
				CLANG_WARN_CONSTANT_CONVERSION = YES;
				CLANG_WARN_DIRECT_OBJC_ISA_USAGE = YES_ERROR;
				CLANG_WARN_DOCUMENTATION_COMMENTS = YES;
				CLANG_WARN_EMPTY_BODY = YES;
				CLANG_WARN_ENUM_CONVERSION = YES;
				CLANG_WARN_INFINITE_RECURSION = YES;
				CLANG_WARN_INT_CONVERSION = YES;
				CLANG_WARN_OBJC_ROOT_CLASS = YES_ERROR;
				CLANG_WARN_SUSPICIOUS_MOVES = YES;
				CLANG_WARN_UNREACHABLE_CODE = YES;
				CLANG_WARN__DUPLICATE_METHOD_MATCH = YES;
				"CODE_SIGN_IDENTITY[sdk=iphoneos*]" = "iPhone Developer";
				COPY_PHASE_STRIP = NO;
				DEBUG_INFORMATION_FORMAT = dwarf;
				ENABLE_STRICT_OBJC_MSGSEND = YES;
				ENABLE_TESTABILITY = YES;
				GCC_C_LANGUAGE_STANDARD = gnu99;
				GCC_DYNAMIC_NO_PIC = NO;
				GCC_NO_COMMON_BLOCKS = YES;
				GCC_OPTIMIZATION_LEVEL = 0;
				GCC_PREPROCESSOR_DEFINITIONS = (
					"DEBUG=1",
					"$(inherited)",
				);
				GCC_WARN_64_TO_32_BIT_CONVERSION = YES;
				GCC_WARN_ABOUT_RETURN_TYPE = YES_ERROR;
				GCC_WARN_UNDECLARED_SELECTOR = YES;
				GCC_WARN_UNINITIALIZED_AUTOS = YES_AGGRESSIVE;
				GCC_WARN_UNUSED_FUNCTION = YES;
				GCC_WARN_UNUSED_VARIABLE = YES;
				IPHONEOS_DEPLOYMENT_TARGET = 10.1;
				MTL_ENABLE_DEBUG_INFO = YES;
				ONLY_ACTIVE_ARCH = YES;
				SDKROOT = iphoneos;
				TARGETED_DEVICE_FAMILY = "1,2";
			};
			name = Debug;
		};
		841EC8881ECE9025005AA3BA /* Release */ = {
			isa = XCBuildConfiguration;
			buildSettings = {
				ALWAYS_SEARCH_USER_PATHS = NO;
				CLANG_ANALYZER_NONNULL = YES;
				CLANG_CXX_LANGUAGE_STANDARD = "gnu++0x";
				CLANG_CXX_LIBRARY = "libc++";
				CLANG_ENABLE_MODULES = YES;
				CLANG_ENABLE_OBJC_ARC = YES;
				CLANG_WARN_BOOL_CONVERSION = YES;
				CLANG_WARN_CONSTANT_CONVERSION = YES;
				CLANG_WARN_DIRECT_OBJC_ISA_USAGE = YES_ERROR;
				CLANG_WARN_DOCUMENTATION_COMMENTS = YES;
				CLANG_WARN_EMPTY_BODY = YES;
				CLANG_WARN_ENUM_CONVERSION = YES;
				CLANG_WARN_INFINITE_RECURSION = YES;
				CLANG_WARN_INT_CONVERSION = YES;
				CLANG_WARN_OBJC_ROOT_CLASS = YES_ERROR;
				CLANG_WARN_SUSPICIOUS_MOVES = YES;
				CLANG_WARN_UNREACHABLE_CODE = YES;
				CLANG_WARN__DUPLICATE_METHOD_MATCH = YES;
				"CODE_SIGN_IDENTITY[sdk=iphoneos*]" = "iPhone Developer";
				COPY_PHASE_STRIP = NO;
				DEBUG_INFORMATION_FORMAT = "dwarf-with-dsym";
				ENABLE_NS_ASSERTIONS = NO;
				ENABLE_STRICT_OBJC_MSGSEND = YES;
				GCC_C_LANGUAGE_STANDARD = gnu99;
				GCC_NO_COMMON_BLOCKS = YES;
				GCC_WARN_64_TO_32_BIT_CONVERSION = YES;
				GCC_WARN_ABOUT_RETURN_TYPE = YES_ERROR;
				GCC_WARN_UNDECLARED_SELECTOR = YES;
				GCC_WARN_UNINITIALIZED_AUTOS = YES_AGGRESSIVE;
				GCC_WARN_UNUSED_FUNCTION = YES;
				GCC_WARN_UNUSED_VARIABLE = YES;
				IPHONEOS_DEPLOYMENT_TARGET = 10.1;
				MTL_ENABLE_DEBUG_INFO = NO;
				SDKROOT = iphoneos;
				TARGETED_DEVICE_FAMILY = "1,2";
				VALIDATE_PRODUCT = YES;
			};
			name = Release;
		};
		841EC88A1ECE9025005AA3BA /* Debug */ = {
			isa = XCBuildConfiguration;
			buildSettings = {
				ASSETCATALOG_COMPILER_APPICON_NAME = AppIcon;
				DEVELOPMENT_TEAM = 538CZ4N2AQ;
				GCC_PRECOMPILE_PREFIX_HEADER = YES;
				GCC_PREFIX_HEADER = PrefixHeader.pch;
				INFOPLIST_FILE = FMSegmentControl/Info.plist;
				IPHONEOS_DEPLOYMENT_TARGET = 8.0;
				LD_RUNPATH_SEARCH_PATHS = "$(inherited) @executable_path/Frameworks";
				PRODUCT_BUNDLE_IDENTIFIER = com.jiemian.FMSegmentControl;
				PRODUCT_NAME = "$(TARGET_NAME)";
			};
			name = Debug;
		};
		841EC88B1ECE9025005AA3BA /* Release */ = {
			isa = XCBuildConfiguration;
			buildSettings = {
				ASSETCATALOG_COMPILER_APPICON_NAME = AppIcon;
				DEVELOPMENT_TEAM = 538CZ4N2AQ;
				GCC_PRECOMPILE_PREFIX_HEADER = YES;
				GCC_PREFIX_HEADER = PrefixHeader.pch;
				INFOPLIST_FILE = FMSegmentControl/Info.plist;
				IPHONEOS_DEPLOYMENT_TARGET = 8.0;
				LD_RUNPATH_SEARCH_PATHS = "$(inherited) @executable_path/Frameworks";
				PRODUCT_BUNDLE_IDENTIFIER = com.jiemian.FMSegmentControl;
				PRODUCT_NAME = "$(TARGET_NAME)";
			};
			name = Release;
		};
/* End XCBuildConfiguration section */

/* Begin XCConfigurationList section */
		841EC86D1ECE9024005AA3BA /* Build configuration list for PBXProject "FMSegmentControl" */ = {
			isa = XCConfigurationList;
			buildConfigurations = (
				841EC8871ECE9025005AA3BA /* Debug */,
				841EC8881ECE9025005AA3BA /* Release */,
			);
			defaultConfigurationIsVisible = 0;
			defaultConfigurationName = Release;
		};
		841EC8891ECE9025005AA3BA /* Build configuration list for PBXNativeTarget "FMSegmentControl" */ = {
			isa = XCConfigurationList;
			buildConfigurations = (
				841EC88A1ECE9025005AA3BA /* Debug */,
				841EC88B1ECE9025005AA3BA /* Release */,
			);
			defaultConfigurationIsVisible = 0;
			defaultConfigurationName = Release;
		};
/* End XCConfigurationList section */
	};
	rootObject = 841EC86A1ECE9024005AA3BA /* Project object */;
}
